// !$*UTF8*$!
{
	archiveVersion = 1;
	classes = {
	};
	objectVersion = 56;
	objects = {

/* Begin PBXBuildFile section */
		994961E828ECE24900A9B892 /* EssentialFeed.framework in Frameworks */ = {isa = PBXBuildFile; fileRef = 994961DF28ECE24900A9B892 /* EssentialFeed.framework */; };
		994961EE28ECE24900A9B892 /* EssentialFeed.h in Headers */ = {isa = PBXBuildFile; fileRef = 994961E228ECE24900A9B892 /* EssentialFeed.h */; settings = {ATTRIBUTES = (Public, ); }; };
		994961F828ECE26400A9B892 /* FeedImage.swift in Sources */ = {isa = PBXBuildFile; fileRef = 994961F728ECE26400A9B892 /* FeedImage.swift */; };
		994961FA28ECE2F100A9B892 /* FeedLoader.swift in Sources */ = {isa = PBXBuildFile; fileRef = 994961F928ECE2F100A9B892 /* FeedLoader.swift */; };
		994961FD28ECE5EE00A9B892 /* RemoteFeedFromRemoteUseCaseTests.swift in Sources */ = {isa = PBXBuildFile; fileRef = 994961FC28ECE5EE00A9B892 /* RemoteFeedFromRemoteUseCaseTests.swift */; };
		99573CF529FD987B00C9AB75 /* FeedCachePolicy.swift in Sources */ = {isa = PBXBuildFile; fileRef = 99573CF429FD987B00C9AB75 /* FeedCachePolicy.swift */; };
		99573CF729FF238C00C9AB75 /* CodableFeedStoreTests.swift in Sources */ = {isa = PBXBuildFile; fileRef = 99573CF629FF238C00C9AB75 /* CodableFeedStoreTests.swift */; };
		9957E2CB299D935000CC9DFB /* CacheFeedUseCaseTests.swift in Sources */ = {isa = PBXBuildFile; fileRef = 9957E2CA299D935000CC9DFB /* CacheFeedUseCaseTests.swift */; };
		9982D4E92905E51100C72BBA /* XCTestCase+MemoryLeakTracking.swift in Sources */ = {isa = PBXBuildFile; fileRef = 998A4C9E2904704100E4D08E /* XCTestCase+MemoryLeakTracking.swift */; };
		998A4C9F2904704100E4D08E /* XCTestCase+MemoryLeakTracking.swift in Sources */ = {isa = PBXBuildFile; fileRef = 998A4C9E2904704100E4D08E /* XCTestCase+MemoryLeakTracking.swift */; };
		998A4CA129048A5800E4D08E /* URLSessionHTTPClient.swift in Sources */ = {isa = PBXBuildFile; fileRef = 998A4CA029048A5800E4D08E /* URLSessionHTTPClient.swift */; };
		998A4CA9290490BC00E4D08E /* EssentialFeedAPIEndToEndTests.swift in Sources */ = {isa = PBXBuildFile; fileRef = 998A4CA8290490BC00E4D08E /* EssentialFeedAPIEndToEndTests.swift */; };
		998A4CAA290490BC00E4D08E /* EssentialFeed.framework in Frameworks */ = {isa = PBXBuildFile; fileRef = 994961DF28ECE24900A9B892 /* EssentialFeed.framework */; };
		998EC0AA2A2530BB0018AF89 /* EssentialFeediOS.framework in Frameworks */ = {isa = PBXBuildFile; fileRef = 998EC0A22A2530BB0018AF89 /* EssentialFeediOS.framework */; };
		998EC0B82A2538340018AF89 /* FeedViewControllerTests.swift in Sources */ = {isa = PBXBuildFile; fileRef = 998EC0B72A2538340018AF89 /* FeedViewControllerTests.swift */; };
		998EC0BA2A253BE70018AF89 /* EssentialFeed.framework in Frameworks */ = {isa = PBXBuildFile; fileRef = 994961DF28ECE24900A9B892 /* EssentialFeed.framework */; platformFilter = ios; };
		998EC0BB2A253BE70018AF89 /* EssentialFeed.framework in Embed Frameworks */ = {isa = PBXBuildFile; fileRef = 994961DF28ECE24900A9B892 /* EssentialFeed.framework */; platformFilter = ios; settings = {ATTRIBUTES = (CodeSignOnCopy, RemoveHeadersOnCopy, ); }; };
		998EC0BF2A253CD20018AF89 /* XCTestCase+MemoryLeakTracking.swift in Sources */ = {isa = PBXBuildFile; fileRef = 998A4C9E2904704100E4D08E /* XCTestCase+MemoryLeakTracking.swift */; };
		99921AFD2A00276000096CD0 /* CodableFeedStore.swift in Sources */ = {isa = PBXBuildFile; fileRef = 99921AFC2A00276000096CD0 /* CodableFeedStore.swift */; };
		99A4969D29E0BCF700C86699 /* LocalFeedLoader.swift in Sources */ = {isa = PBXBuildFile; fileRef = 99A4969C29E0BCF700C86699 /* LocalFeedLoader.swift */; };
		99A4969F29E0BD6300C86699 /* FeedStore.swift in Sources */ = {isa = PBXBuildFile; fileRef = 99A4969E29E0BD6300C86699 /* FeedStore.swift */; };
		99A496A129E0D51800C86699 /* RemoteFeedItem.swift in Sources */ = {isa = PBXBuildFile; fileRef = 99A496A029E0D51800C86699 /* RemoteFeedItem.swift */; };
		99A496A329E0D55700C86699 /* LocalFeedImage.swift in Sources */ = {isa = PBXBuildFile; fileRef = 99A496A229E0D55700C86699 /* LocalFeedImage.swift */; };
		99B0826029FD877D007D14E9 /* ValidateFeedCacheUseCaseTests.swift in Sources */ = {isa = PBXBuildFile; fileRef = 99B0825F29FD877D007D14E9 /* ValidateFeedCacheUseCaseTests.swift */; };
		99C0007A28F203EC0074CAF9 /* RemoteFeedLoader.swift in Sources */ = {isa = PBXBuildFile; fileRef = 99C0007928F203EC0074CAF9 /* RemoteFeedLoader.swift */; };
		99C0007C28F370570074CAF9 /* HTTPClient.swift in Sources */ = {isa = PBXBuildFile; fileRef = 99C0007B28F370570074CAF9 /* HTTPClient.swift */; };
		99C0007E28F370A00074CAF9 /* FeedItemsMapper.swift in Sources */ = {isa = PBXBuildFile; fileRef = 99C0007D28F370A00074CAF9 /* FeedItemsMapper.swift */; };
		99C0008128F4FFBE0074CAF9 /* URLSessionHTTPClientTests.swift in Sources */ = {isa = PBXBuildFile; fileRef = 99C0008028F4FFBE0074CAF9 /* URLSessionHTTPClientTests.swift */; };
		99CD776629FD8CFC00620605 /* FeedCacheTestHelpers.swift in Sources */ = {isa = PBXBuildFile; fileRef = 99CD776529FD8CFC00620605 /* FeedCacheTestHelpers.swift */; };
		99CD776829FD8DCE00620605 /* SharedTestHelpers.swift in Sources */ = {isa = PBXBuildFile; fileRef = 99CD776729FD8DCE00620605 /* SharedTestHelpers.swift */; };
		99D903AD2A018B8F00D9F034 /* CoreDataFeedStoreTests.swift in Sources */ = {isa = PBXBuildFile; fileRef = 99D903AC2A018B8F00D9F034 /* CoreDataFeedStoreTests.swift */; };
		99D903AF2A018C4A00D9F034 /* CoreDataFeedStore.swift in Sources */ = {isa = PBXBuildFile; fileRef = 99D903AE2A018C4A00D9F034 /* CoreDataFeedStore.swift */; };
		99D903B22A018DC600D9F034 /* FeedStore.xcdatamodeld in Sources */ = {isa = PBXBuildFile; fileRef = 99D903B02A018DC600D9F034 /* FeedStore.xcdatamodeld */; };
		99D903B62A02D74300D9F034 /* CoreDataHelpers.swift in Sources */ = {isa = PBXBuildFile; fileRef = 99D903B52A02D74300D9F034 /* CoreDataHelpers.swift */; };
		99D903B82A02D77900D9F034 /* ManagedCache.swift in Sources */ = {isa = PBXBuildFile; fileRef = 99D903B72A02D77900D9F034 /* ManagedCache.swift */; };
		99D903BA2A02D7B800D9F034 /* ManagedFeedImage.swift in Sources */ = {isa = PBXBuildFile; fileRef = 99D903B92A02D7B800D9F034 /* ManagedFeedImage.swift */; };
		99E7038929E4E6C8006F71C8 /* LoadFeedFromCacheUseCaseTests.swift in Sources */ = {isa = PBXBuildFile; fileRef = 99E7038829E4E6C8006F71C8 /* LoadFeedFromCacheUseCaseTests.swift */; };
		99E7038B29E4E821006F71C8 /* FeedStoreSpy.swift in Sources */ = {isa = PBXBuildFile; fileRef = 99E7038A29E4E821006F71C8 /* FeedStoreSpy.swift */; };
		99E7F00A2A0059B300FB7223 /* FeedStoreSpecs.swift in Sources */ = {isa = PBXBuildFile; fileRef = 99E7F0092A0059B300FB7223 /* FeedStoreSpecs.swift */; };
		99E7F00C2A005A4000FB7223 /* XCTestCase+FeedStoreSpecs.swift in Sources */ = {isa = PBXBuildFile; fileRef = 99E7F00B2A005A4000FB7223 /* XCTestCase+FeedStoreSpecs.swift */; };
		99E7F00E2A0063BE00FB7223 /* XCTest+FailableRetrieveFeedStoreTests.swift in Sources */ = {isa = PBXBuildFile; fileRef = 99E7F00D2A0063BE00FB7223 /* XCTest+FailableRetrieveFeedStoreTests.swift */; };
		99E7F0102A0064DB00FB7223 /* XCTest+FailableInsertFeedStoreSpecs.swift in Sources */ = {isa = PBXBuildFile; fileRef = 99E7F00F2A0064DB00FB7223 /* XCTest+FailableInsertFeedStoreSpecs.swift */; };
		99E7F0122A00653900FB7223 /* XCTest+FailableDeleteFeedStoreSpecs.swift in Sources */ = {isa = PBXBuildFile; fileRef = 99E7F0112A00653900FB7223 /* XCTest+FailableDeleteFeedStoreSpecs.swift */; };
		99E7F01B2A0098B000FB7223 /* EssentialFeedCacheIntegrationTests.swift in Sources */ = {isa = PBXBuildFile; fileRef = 99E7F01A2A0098B000FB7223 /* EssentialFeedCacheIntegrationTests.swift */; };
		99E7F01C2A0098B000FB7223 /* EssentialFeed.framework in Frameworks */ = {isa = PBXBuildFile; fileRef = 994961DF28ECE24900A9B892 /* EssentialFeed.framework */; };
		99E7F0232A009CCF00FB7223 /* XCTestCase+MemoryLeakTracking.swift in Sources */ = {isa = PBXBuildFile; fileRef = 998A4C9E2904704100E4D08E /* XCTestCase+MemoryLeakTracking.swift */; };
		99E7F0242A009EF900FB7223 /* FeedCacheTestHelpers.swift in Sources */ = {isa = PBXBuildFile; fileRef = 99CD776529FD8CFC00620605 /* FeedCacheTestHelpers.swift */; };
		99E7F0252A009F0C00FB7223 /* SharedTestHelpers.swift in Sources */ = {isa = PBXBuildFile; fileRef = 99CD776729FD8DCE00620605 /* SharedTestHelpers.swift */; };
/* End PBXBuildFile section */

/* Begin PBXContainerItemProxy section */
		994961E928ECE24900A9B892 /* PBXContainerItemProxy */ = {
			isa = PBXContainerItemProxy;
			containerPortal = 994961D628ECE24900A9B892 /* Project object */;
			proxyType = 1;
			remoteGlobalIDString = 994961DE28ECE24900A9B892;
			remoteInfo = EssentialFeed;
		};
		998A4CAB290490BC00E4D08E /* PBXContainerItemProxy */ = {
			isa = PBXContainerItemProxy;
			containerPortal = 994961D628ECE24900A9B892 /* Project object */;
			proxyType = 1;
			remoteGlobalIDString = 994961DE28ECE24900A9B892;
			remoteInfo = EssentialFeed;
		};
		998EC0AB2A2530BB0018AF89 /* PBXContainerItemProxy */ = {
			isa = PBXContainerItemProxy;
			containerPortal = 994961D628ECE24900A9B892 /* Project object */;
			proxyType = 1;
			remoteGlobalIDString = 998EC0A12A2530BB0018AF89;
			remoteInfo = EssentialFeediOS;
		};
		998EC0BC2A253BE70018AF89 /* PBXContainerItemProxy */ = {
			isa = PBXContainerItemProxy;
			containerPortal = 994961D628ECE24900A9B892 /* Project object */;
			proxyType = 1;
			remoteGlobalIDString = 994961DE28ECE24900A9B892;
			remoteInfo = EssentialFeed;
		};
		99E7F01D2A0098B000FB7223 /* PBXContainerItemProxy */ = {
			isa = PBXContainerItemProxy;
			containerPortal = 994961D628ECE24900A9B892 /* Project object */;
			proxyType = 1;
			remoteGlobalIDString = 994961DE28ECE24900A9B892;
			remoteInfo = EssentialFeed;
		};
/* End PBXContainerItemProxy section */

/* Begin PBXCopyFilesBuildPhase section */
		998EC0BE2A253BE70018AF89 /* Embed Frameworks */ = {
			isa = PBXCopyFilesBuildPhase;
			buildActionMask = 2147483647;
			dstPath = "";
			dstSubfolderSpec = 10;
			files = (
				998EC0BB2A253BE70018AF89 /* EssentialFeed.framework in Embed Frameworks */,
			);
			name = "Embed Frameworks";
			runOnlyForDeploymentPostprocessing = 0;
		};
/* End PBXCopyFilesBuildPhase section */

/* Begin PBXFileReference section */
		994961DF28ECE24900A9B892 /* EssentialFeed.framework */ = {isa = PBXFileReference; explicitFileType = wrapper.framework; includeInIndex = 0; path = EssentialFeed.framework; sourceTree = BUILT_PRODUCTS_DIR; };
		994961E228ECE24900A9B892 /* EssentialFeed.h */ = {isa = PBXFileReference; lastKnownFileType = sourcecode.c.h; path = EssentialFeed.h; sourceTree = "<group>"; };
		994961E728ECE24900A9B892 /* EssentialFeedTests.xctest */ = {isa = PBXFileReference; explicitFileType = wrapper.cfbundle; includeInIndex = 0; path = EssentialFeedTests.xctest; sourceTree = BUILT_PRODUCTS_DIR; };
		994961F728ECE26400A9B892 /* FeedImage.swift */ = {isa = PBXFileReference; lastKnownFileType = sourcecode.swift; path = FeedImage.swift; sourceTree = "<group>"; };
		994961F928ECE2F100A9B892 /* FeedLoader.swift */ = {isa = PBXFileReference; lastKnownFileType = sourcecode.swift; path = FeedLoader.swift; sourceTree = "<group>"; };
		994961FC28ECE5EE00A9B892 /* RemoteFeedFromRemoteUseCaseTests.swift */ = {isa = PBXFileReference; lastKnownFileType = sourcecode.swift; path = RemoteFeedFromRemoteUseCaseTests.swift; sourceTree = "<group>"; };
		99573CF429FD987B00C9AB75 /* FeedCachePolicy.swift */ = {isa = PBXFileReference; lastKnownFileType = sourcecode.swift; path = FeedCachePolicy.swift; sourceTree = "<group>"; };
		99573CF629FF238C00C9AB75 /* CodableFeedStoreTests.swift */ = {isa = PBXFileReference; lastKnownFileType = sourcecode.swift; path = CodableFeedStoreTests.swift; sourceTree = "<group>"; };
		9957E2CA299D935000CC9DFB /* CacheFeedUseCaseTests.swift */ = {isa = PBXFileReference; lastKnownFileType = sourcecode.swift; path = CacheFeedUseCaseTests.swift; sourceTree = "<group>"; };
		998A4C9E2904704100E4D08E /* XCTestCase+MemoryLeakTracking.swift */ = {isa = PBXFileReference; lastKnownFileType = sourcecode.swift; path = "XCTestCase+MemoryLeakTracking.swift"; sourceTree = "<group>"; };
		998A4CA029048A5800E4D08E /* URLSessionHTTPClient.swift */ = {isa = PBXFileReference; lastKnownFileType = sourcecode.swift; path = URLSessionHTTPClient.swift; sourceTree = "<group>"; };
		998A4CA6290490BC00E4D08E /* EssentialFeedAPIEndToEndTests.xctest */ = {isa = PBXFileReference; explicitFileType = wrapper.cfbundle; includeInIndex = 0; path = EssentialFeedAPIEndToEndTests.xctest; sourceTree = BUILT_PRODUCTS_DIR; };
		998A4CA8290490BC00E4D08E /* EssentialFeedAPIEndToEndTests.swift */ = {isa = PBXFileReference; lastKnownFileType = sourcecode.swift; path = EssentialFeedAPIEndToEndTests.swift; sourceTree = "<group>"; };
		998EC09C2A252F4B0018AF89 /* EssentialFeedAPIEndToEndTests.xctestplan */ = {isa = PBXFileReference; lastKnownFileType = text; path = EssentialFeedAPIEndToEndTests.xctestplan; sourceTree = "<group>"; };
		998EC0A22A2530BB0018AF89 /* EssentialFeediOS.framework */ = {isa = PBXFileReference; explicitFileType = wrapper.framework; includeInIndex = 0; path = EssentialFeediOS.framework; sourceTree = BUILT_PRODUCTS_DIR; };
		998EC0A92A2530BB0018AF89 /* EssentialFeediOSTests.xctest */ = {isa = PBXFileReference; explicitFileType = wrapper.cfbundle; includeInIndex = 0; path = EssentialFeediOSTests.xctest; sourceTree = BUILT_PRODUCTS_DIR; };
		998EC0B72A2538340018AF89 /* FeedViewControllerTests.swift */ = {isa = PBXFileReference; lastKnownFileType = sourcecode.swift; path = FeedViewControllerTests.swift; sourceTree = "<group>"; };
		99921AFC2A00276000096CD0 /* CodableFeedStore.swift */ = {isa = PBXFileReference; lastKnownFileType = sourcecode.swift; path = CodableFeedStore.swift; sourceTree = "<group>"; };
		99A4969C29E0BCF700C86699 /* LocalFeedLoader.swift */ = {isa = PBXFileReference; lastKnownFileType = sourcecode.swift; path = LocalFeedLoader.swift; sourceTree = "<group>"; };
		99A4969E29E0BD6300C86699 /* FeedStore.swift */ = {isa = PBXFileReference; lastKnownFileType = sourcecode.swift; path = FeedStore.swift; sourceTree = "<group>"; };
		99A496A029E0D51800C86699 /* RemoteFeedItem.swift */ = {isa = PBXFileReference; lastKnownFileType = sourcecode.swift; path = RemoteFeedItem.swift; sourceTree = "<group>"; };
		99A496A229E0D55700C86699 /* LocalFeedImage.swift */ = {isa = PBXFileReference; lastKnownFileType = sourcecode.swift; path = LocalFeedImage.swift; sourceTree = "<group>"; };
		99B0825F29FD877D007D14E9 /* ValidateFeedCacheUseCaseTests.swift */ = {isa = PBXFileReference; lastKnownFileType = sourcecode.swift; path = ValidateFeedCacheUseCaseTests.swift; sourceTree = "<group>"; };
		99C0007928F203EC0074CAF9 /* RemoteFeedLoader.swift */ = {isa = PBXFileReference; lastKnownFileType = sourcecode.swift; path = RemoteFeedLoader.swift; sourceTree = "<group>"; };
		99C0007B28F370570074CAF9 /* HTTPClient.swift */ = {isa = PBXFileReference; lastKnownFileType = sourcecode.swift; path = HTTPClient.swift; sourceTree = "<group>"; };
		99C0007D28F370A00074CAF9 /* FeedItemsMapper.swift */ = {isa = PBXFileReference; lastKnownFileType = sourcecode.swift; path = FeedItemsMapper.swift; sourceTree = "<group>"; };
		99C0008028F4FFBE0074CAF9 /* URLSessionHTTPClientTests.swift */ = {isa = PBXFileReference; lastKnownFileType = sourcecode.swift; path = URLSessionHTTPClientTests.swift; sourceTree = "<group>"; };
		99CD776529FD8CFC00620605 /* FeedCacheTestHelpers.swift */ = {isa = PBXFileReference; lastKnownFileType = sourcecode.swift; path = FeedCacheTestHelpers.swift; sourceTree = "<group>"; };
		99CD776729FD8DCE00620605 /* SharedTestHelpers.swift */ = {isa = PBXFileReference; lastKnownFileType = sourcecode.swift; path = SharedTestHelpers.swift; sourceTree = "<group>"; };
		99D903AC2A018B8F00D9F034 /* CoreDataFeedStoreTests.swift */ = {isa = PBXFileReference; lastKnownFileType = sourcecode.swift; path = CoreDataFeedStoreTests.swift; sourceTree = "<group>"; };
		99D903AE2A018C4A00D9F034 /* CoreDataFeedStore.swift */ = {isa = PBXFileReference; lastKnownFileType = sourcecode.swift; path = CoreDataFeedStore.swift; sourceTree = "<group>"; };
		99D903B12A018DC600D9F034 /* FeedStore.xcdatamodel */ = {isa = PBXFileReference; lastKnownFileType = wrapper.xcdatamodel; path = FeedStore.xcdatamodel; sourceTree = "<group>"; };
		99D903B52A02D74300D9F034 /* CoreDataHelpers.swift */ = {isa = PBXFileReference; lastKnownFileType = sourcecode.swift; path = CoreDataHelpers.swift; sourceTree = "<group>"; };
		99D903B72A02D77900D9F034 /* ManagedCache.swift */ = {isa = PBXFileReference; lastKnownFileType = sourcecode.swift; path = ManagedCache.swift; sourceTree = "<group>"; };
		99D903B92A02D7B800D9F034 /* ManagedFeedImage.swift */ = {isa = PBXFileReference; lastKnownFileType = sourcecode.swift; path = ManagedFeedImage.swift; sourceTree = "<group>"; };
		99E7038829E4E6C8006F71C8 /* LoadFeedFromCacheUseCaseTests.swift */ = {isa = PBXFileReference; lastKnownFileType = sourcecode.swift; path = LoadFeedFromCacheUseCaseTests.swift; sourceTree = "<group>"; };
		99E7038A29E4E821006F71C8 /* FeedStoreSpy.swift */ = {isa = PBXFileReference; lastKnownFileType = sourcecode.swift; path = FeedStoreSpy.swift; sourceTree = "<group>"; };
		99E7F0092A0059B300FB7223 /* FeedStoreSpecs.swift */ = {isa = PBXFileReference; lastKnownFileType = sourcecode.swift; path = FeedStoreSpecs.swift; sourceTree = "<group>"; };
		99E7F00B2A005A4000FB7223 /* XCTestCase+FeedStoreSpecs.swift */ = {isa = PBXFileReference; lastKnownFileType = sourcecode.swift; path = "XCTestCase+FeedStoreSpecs.swift"; sourceTree = "<group>"; };
		99E7F00D2A0063BE00FB7223 /* XCTest+FailableRetrieveFeedStoreTests.swift */ = {isa = PBXFileReference; lastKnownFileType = sourcecode.swift; path = "XCTest+FailableRetrieveFeedStoreTests.swift"; sourceTree = "<group>"; };
		99E7F00F2A0064DB00FB7223 /* XCTest+FailableInsertFeedStoreSpecs.swift */ = {isa = PBXFileReference; lastKnownFileType = sourcecode.swift; path = "XCTest+FailableInsertFeedStoreSpecs.swift"; sourceTree = "<group>"; };
		99E7F0112A00653900FB7223 /* XCTest+FailableDeleteFeedStoreSpecs.swift */ = {isa = PBXFileReference; lastKnownFileType = sourcecode.swift; path = "XCTest+FailableDeleteFeedStoreSpecs.swift"; sourceTree = "<group>"; };
		99E7F0182A0098B000FB7223 /* EssentialFeedCacheIntegrationTests.xctest */ = {isa = PBXFileReference; explicitFileType = wrapper.cfbundle; includeInIndex = 0; path = EssentialFeedCacheIntegrationTests.xctest; sourceTree = BUILT_PRODUCTS_DIR; };
		99E7F01A2A0098B000FB7223 /* EssentialFeedCacheIntegrationTests.swift */ = {isa = PBXFileReference; lastKnownFileType = sourcecode.swift; path = EssentialFeedCacheIntegrationTests.swift; sourceTree = "<group>"; };
		99E7F0222A00990400FB7223 /* EssentialFeedCacheIntegrationTests.xctestplan */ = {isa = PBXFileReference; lastKnownFileType = text; path = EssentialFeedCacheIntegrationTests.xctestplan; sourceTree = "<group>"; };
/* End PBXFileReference section */

/* Begin PBXFrameworksBuildPhase section */
		994961DC28ECE24900A9B892 /* Frameworks */ = {
			isa = PBXFrameworksBuildPhase;
			buildActionMask = 2147483647;
			files = (
			);
			runOnlyForDeploymentPostprocessing = 0;
		};
		994961E428ECE24900A9B892 /* Frameworks */ = {
			isa = PBXFrameworksBuildPhase;
			buildActionMask = 2147483647;
			files = (
				994961E828ECE24900A9B892 /* EssentialFeed.framework in Frameworks */,
			);
			runOnlyForDeploymentPostprocessing = 0;
		};
		998A4CA3290490BC00E4D08E /* Frameworks */ = {
			isa = PBXFrameworksBuildPhase;
			buildActionMask = 2147483647;
			files = (
				998A4CAA290490BC00E4D08E /* EssentialFeed.framework in Frameworks */,
			);
			runOnlyForDeploymentPostprocessing = 0;
		};
		998EC09F2A2530BB0018AF89 /* Frameworks */ = {
			isa = PBXFrameworksBuildPhase;
			buildActionMask = 2147483647;
			files = (
				998EC0BA2A253BE70018AF89 /* EssentialFeed.framework in Frameworks */,
			);
			runOnlyForDeploymentPostprocessing = 0;
		};
		998EC0A62A2530BB0018AF89 /* Frameworks */ = {
			isa = PBXFrameworksBuildPhase;
			buildActionMask = 2147483647;
			files = (
				998EC0AA2A2530BB0018AF89 /* EssentialFeediOS.framework in Frameworks */,
			);
			runOnlyForDeploymentPostprocessing = 0;
		};
		99E7F0152A0098B000FB7223 /* Frameworks */ = {
			isa = PBXFrameworksBuildPhase;
			buildActionMask = 2147483647;
			files = (
				99E7F01C2A0098B000FB7223 /* EssentialFeed.framework in Frameworks */,
			);
			runOnlyForDeploymentPostprocessing = 0;
		};
/* End PBXFrameworksBuildPhase section */

/* Begin PBXGroup section */
		994961D528ECE24900A9B892 = {
			isa = PBXGroup;
			children = (
				998EC09C2A252F4B0018AF89 /* EssentialFeedAPIEndToEndTests.xctestplan */,
				994961E128ECE24900A9B892 /* EssentialFeed */,
				994961EB28ECE24900A9B892 /* EssentialFeedTests */,
				998A4CA7290490BC00E4D08E /* EssentialFeedAPIEndToEndTests */,
				99E7F0192A0098B000FB7223 /* EssentialFeedCacheIntegrationTests */,
				998EC0A32A2530BB0018AF89 /* EssentialFeediOS */,
				998EC0AD2A2530BC0018AF89 /* EssentialFeediOSTests */,
				994961E028ECE24900A9B892 /* Products */,
				998EC0B92A253BE70018AF89 /* Frameworks */,
			);
			sourceTree = "<group>";
		};
		994961E028ECE24900A9B892 /* Products */ = {
			isa = PBXGroup;
			children = (
				994961DF28ECE24900A9B892 /* EssentialFeed.framework */,
				994961E728ECE24900A9B892 /* EssentialFeedTests.xctest */,
				998A4CA6290490BC00E4D08E /* EssentialFeedAPIEndToEndTests.xctest */,
				99E7F0182A0098B000FB7223 /* EssentialFeedCacheIntegrationTests.xctest */,
				998EC0A22A2530BB0018AF89 /* EssentialFeediOS.framework */,
				998EC0A92A2530BB0018AF89 /* EssentialFeediOSTests.xctest */,
			);
			name = Products;
			sourceTree = "<group>";
		};
		994961E128ECE24900A9B892 /* EssentialFeed */ = {
			isa = PBXGroup;
			children = (
				99A4969B29E0BCE400C86699 /* Feed Cache */,
				994961E228ECE24900A9B892 /* EssentialFeed.h */,
				994961FB28ECE4AA00A9B892 /* Feed Feature */,
				99C0007828F2037D0074CAF9 /* Feed API */,
			);
			path = EssentialFeed;
			sourceTree = "<group>";
		};
		994961EB28ECE24900A9B892 /* EssentialFeedTests */ = {
			isa = PBXGroup;
			children = (
				998A4C9D2904700D00E4D08E /* Helpers */,
				9957E2C9299D932300CC9DFB /* Feed Cache */,
				99C0007F28F379520074CAF9 /* Feed API */,
			);
			path = EssentialFeedTests;
			sourceTree = "<group>";
		};
		994961FB28ECE4AA00A9B892 /* Feed Feature */ = {
			isa = PBXGroup;
			children = (
				994961F728ECE26400A9B892 /* FeedImage.swift */,
				994961F928ECE2F100A9B892 /* FeedLoader.swift */,
			);
			path = "Feed Feature";
			sourceTree = "<group>";
		};
		9957E2C9299D932300CC9DFB /* Feed Cache */ = {
			isa = PBXGroup;
			children = (
				99E7038C29E4E82C006F71C8 /* Helpers */,
				99E7F0132A00657E00FB7223 /* FeedStoreSpecs */,
				9957E2CA299D935000CC9DFB /* CacheFeedUseCaseTests.swift */,
				99E7038829E4E6C8006F71C8 /* LoadFeedFromCacheUseCaseTests.swift */,
				99B0825F29FD877D007D14E9 /* ValidateFeedCacheUseCaseTests.swift */,
				99573CF629FF238C00C9AB75 /* CodableFeedStoreTests.swift */,
				99D903AC2A018B8F00D9F034 /* CoreDataFeedStoreTests.swift */,
			);
			path = "Feed Cache";
			sourceTree = "<group>";
		};
		998A4C9D2904700D00E4D08E /* Helpers */ = {
			isa = PBXGroup;
			children = (
				998A4C9E2904704100E4D08E /* XCTestCase+MemoryLeakTracking.swift */,
				99CD776729FD8DCE00620605 /* SharedTestHelpers.swift */,
			);
			path = Helpers;
			sourceTree = "<group>";
		};
		998A4CA7290490BC00E4D08E /* EssentialFeedAPIEndToEndTests */ = {
			isa = PBXGroup;
			children = (
				998A4CA8290490BC00E4D08E /* EssentialFeedAPIEndToEndTests.swift */,
			);
			path = EssentialFeedAPIEndToEndTests;
			sourceTree = "<group>";
		};
		998EC0A32A2530BB0018AF89 /* EssentialFeediOS */ = {
			isa = PBXGroup;
			children = (
			);
			path = EssentialFeediOS;
			sourceTree = "<group>";
		};
		998EC0AD2A2530BC0018AF89 /* EssentialFeediOSTests */ = {
			isa = PBXGroup;
			children = (
				998EC0B72A2538340018AF89 /* FeedViewControllerTests.swift */,
			);
			path = EssentialFeediOSTests;
			sourceTree = "<group>";
		};
		998EC0B92A253BE70018AF89 /* Frameworks */ = {
			isa = PBXGroup;
			children = (
			);
			name = Frameworks;
			sourceTree = "<group>";
		};
		99A4969B29E0BCE400C86699 /* Feed Cache */ = {
			isa = PBXGroup;
			children = (
				99A4969E29E0BD6300C86699 /* FeedStore.swift */,
				99A4969C29E0BCF700C86699 /* LocalFeedLoader.swift */,
				99A496A229E0D55700C86699 /* LocalFeedImage.swift */,
				99573CF429FD987B00C9AB75 /* FeedCachePolicy.swift */,
				99D903AB2A018A5B00D9F034 /* Infrastructure */,
			);
			path = "Feed Cache";
			sourceTree = "<group>";
		};
		99C0007828F2037D0074CAF9 /* Feed API */ = {
			isa = PBXGroup;
			children = (
				99C0007928F203EC0074CAF9 /* RemoteFeedLoader.swift */,
				99C0007B28F370570074CAF9 /* HTTPClient.swift */,
				99C0007D28F370A00074CAF9 /* FeedItemsMapper.swift */,
				998A4CA029048A5800E4D08E /* URLSessionHTTPClient.swift */,
				99A496A029E0D51800C86699 /* RemoteFeedItem.swift */,
			);
			path = "Feed API";
			sourceTree = "<group>";
		};
		99C0007F28F379520074CAF9 /* Feed API */ = {
			isa = PBXGroup;
			children = (
				994961FC28ECE5EE00A9B892 /* RemoteFeedFromRemoteUseCaseTests.swift */,
				99C0008028F4FFBE0074CAF9 /* URLSessionHTTPClientTests.swift */,
			);
			path = "Feed API";
			sourceTree = "<group>";
		};
		99D903AB2A018A5B00D9F034 /* Infrastructure */ = {
			isa = PBXGroup;
			children = (
				99D903B32A018FDE00D9F034 /* Codable */,
				99D903B42A018FE800D9F034 /* CoreData */,
			);
			path = Infrastructure;
			sourceTree = "<group>";
		};
		99D903B32A018FDE00D9F034 /* Codable */ = {
			isa = PBXGroup;
			children = (
				99921AFC2A00276000096CD0 /* CodableFeedStore.swift */,
			);
			path = Codable;
			sourceTree = "<group>";
		};
		99D903B42A018FE800D9F034 /* CoreData */ = {
			isa = PBXGroup;
			children = (
				99D903AE2A018C4A00D9F034 /* CoreDataFeedStore.swift */,
				99D903B02A018DC600D9F034 /* FeedStore.xcdatamodeld */,
				99D903B52A02D74300D9F034 /* CoreDataHelpers.swift */,
				99D903B72A02D77900D9F034 /* ManagedCache.swift */,
				99D903B92A02D7B800D9F034 /* ManagedFeedImage.swift */,
			);
			path = CoreData;
			sourceTree = "<group>";
		};
		99E7038C29E4E82C006F71C8 /* Helpers */ = {
			isa = PBXGroup;
			children = (
				99E7038A29E4E821006F71C8 /* FeedStoreSpy.swift */,
				99CD776529FD8CFC00620605 /* FeedCacheTestHelpers.swift */,
			);
			path = Helpers;
			sourceTree = "<group>";
		};
		99E7F0132A00657E00FB7223 /* FeedStoreSpecs */ = {
			isa = PBXGroup;
			children = (
				99E7F0092A0059B300FB7223 /* FeedStoreSpecs.swift */,
				99E7F00B2A005A4000FB7223 /* XCTestCase+FeedStoreSpecs.swift */,
				99E7F00D2A0063BE00FB7223 /* XCTest+FailableRetrieveFeedStoreTests.swift */,
				99E7F00F2A0064DB00FB7223 /* XCTest+FailableInsertFeedStoreSpecs.swift */,
				99E7F0112A00653900FB7223 /* XCTest+FailableDeleteFeedStoreSpecs.swift */,
			);
			path = FeedStoreSpecs;
			sourceTree = "<group>";
		};
		99E7F0192A0098B000FB7223 /* EssentialFeedCacheIntegrationTests */ = {
			isa = PBXGroup;
			children = (
				99E7F0222A00990400FB7223 /* EssentialFeedCacheIntegrationTests.xctestplan */,
				99E7F01A2A0098B000FB7223 /* EssentialFeedCacheIntegrationTests.swift */,
			);
			path = EssentialFeedCacheIntegrationTests;
			sourceTree = "<group>";
		};
/* End PBXGroup section */

/* Begin PBXHeadersBuildPhase section */
		994961DA28ECE24900A9B892 /* Headers */ = {
			isa = PBXHeadersBuildPhase;
			buildActionMask = 2147483647;
			files = (
				994961EE28ECE24900A9B892 /* EssentialFeed.h in Headers */,
			);
			runOnlyForDeploymentPostprocessing = 0;
		};
		998EC09D2A2530BB0018AF89 /* Headers */ = {
			isa = PBXHeadersBuildPhase;
			buildActionMask = 2147483647;
			files = (
			);
			runOnlyForDeploymentPostprocessing = 0;
		};
/* End PBXHeadersBuildPhase section */

/* Begin PBXNativeTarget section */
		994961DE28ECE24900A9B892 /* EssentialFeed */ = {
			isa = PBXNativeTarget;
			buildConfigurationList = 994961F128ECE24900A9B892 /* Build configuration list for PBXNativeTarget "EssentialFeed" */;
			buildPhases = (
				994961DA28ECE24900A9B892 /* Headers */,
				994961DB28ECE24900A9B892 /* Sources */,
				994961DC28ECE24900A9B892 /* Frameworks */,
				994961DD28ECE24900A9B892 /* Resources */,
			);
			buildRules = (
			);
			dependencies = (
			);
			name = EssentialFeed;
			productName = EssentialFeed;
			productReference = 994961DF28ECE24900A9B892 /* EssentialFeed.framework */;
			productType = "com.apple.product-type.framework";
		};
		994961E628ECE24900A9B892 /* EssentialFeedTests */ = {
			isa = PBXNativeTarget;
			buildConfigurationList = 994961F428ECE24900A9B892 /* Build configuration list for PBXNativeTarget "EssentialFeedTests" */;
			buildPhases = (
				994961E328ECE24900A9B892 /* Sources */,
				994961E428ECE24900A9B892 /* Frameworks */,
				994961E528ECE24900A9B892 /* Resources */,
			);
			buildRules = (
			);
			dependencies = (
				994961EA28ECE24900A9B892 /* PBXTargetDependency */,
			);
			name = EssentialFeedTests;
			productName = EssentialFeedTests;
			productReference = 994961E728ECE24900A9B892 /* EssentialFeedTests.xctest */;
			productType = "com.apple.product-type.bundle.unit-test";
		};
		998A4CA5290490BC00E4D08E /* EssentialFeedAPIEndToEndTests */ = {
			isa = PBXNativeTarget;
			buildConfigurationList = 998A4CAF290490BC00E4D08E /* Build configuration list for PBXNativeTarget "EssentialFeedAPIEndToEndTests" */;
			buildPhases = (
				998A4CA2290490BC00E4D08E /* Sources */,
				998A4CA3290490BC00E4D08E /* Frameworks */,
				998A4CA4290490BC00E4D08E /* Resources */,
			);
			buildRules = (
			);
			dependencies = (
				998A4CAC290490BC00E4D08E /* PBXTargetDependency */,
			);
			name = EssentialFeedAPIEndToEndTests;
			productName = EssentialFeedAPIEndToEndTests;
			productReference = 998A4CA6290490BC00E4D08E /* EssentialFeedAPIEndToEndTests.xctest */;
			productType = "com.apple.product-type.bundle.unit-test";
		};
		998EC0A12A2530BB0018AF89 /* EssentialFeediOS */ = {
			isa = PBXNativeTarget;
			buildConfigurationList = 998EC0B12A2530BC0018AF89 /* Build configuration list for PBXNativeTarget "EssentialFeediOS" */;
			buildPhases = (
				998EC09D2A2530BB0018AF89 /* Headers */,
				998EC09E2A2530BB0018AF89 /* Sources */,
				998EC09F2A2530BB0018AF89 /* Frameworks */,
				998EC0A02A2530BB0018AF89 /* Resources */,
				998EC0BE2A253BE70018AF89 /* Embed Frameworks */,
			);
			buildRules = (
			);
			dependencies = (
				998EC0BD2A253BE70018AF89 /* PBXTargetDependency */,
			);
			name = EssentialFeediOS;
			productName = EssentialFeediOS;
			productReference = 998EC0A22A2530BB0018AF89 /* EssentialFeediOS.framework */;
			productType = "com.apple.product-type.framework";
		};
		998EC0A82A2530BB0018AF89 /* EssentialFeediOSTests */ = {
			isa = PBXNativeTarget;
			buildConfigurationList = 998EC0B42A2530BC0018AF89 /* Build configuration list for PBXNativeTarget "EssentialFeediOSTests" */;
			buildPhases = (
				998EC0A52A2530BB0018AF89 /* Sources */,
				998EC0A62A2530BB0018AF89 /* Frameworks */,
				998EC0A72A2530BB0018AF89 /* Resources */,
			);
			buildRules = (
			);
			dependencies = (
				998EC0AC2A2530BB0018AF89 /* PBXTargetDependency */,
			);
			name = EssentialFeediOSTests;
			productName = EssentialFeediOSTests;
			productReference = 998EC0A92A2530BB0018AF89 /* EssentialFeediOSTests.xctest */;
			productType = "com.apple.product-type.bundle.unit-test";
		};
		99E7F0172A0098B000FB7223 /* EssentialFeedCacheIntegrationTests */ = {
			isa = PBXNativeTarget;
			buildConfigurationList = 99E7F01F2A0098B000FB7223 /* Build configuration list for PBXNativeTarget "EssentialFeedCacheIntegrationTests" */;
			buildPhases = (
				99E7F0142A0098B000FB7223 /* Sources */,
				99E7F0152A0098B000FB7223 /* Frameworks */,
				99E7F0162A0098B000FB7223 /* Resources */,
			);
			buildRules = (
			);
			dependencies = (
				99E7F01E2A0098B000FB7223 /* PBXTargetDependency */,
			);
			name = EssentialFeedCacheIntegrationTests;
			productName = EssentialFeedCacheIntegrationTests;
			productReference = 99E7F0182A0098B000FB7223 /* EssentialFeedCacheIntegrationTests.xctest */;
			productType = "com.apple.product-type.bundle.unit-test";
		};
/* End PBXNativeTarget section */

/* Begin PBXProject section */
		994961D628ECE24900A9B892 /* Project object */ = {
			isa = PBXProject;
			attributes = {
				BuildIndependentTargetsInParallel = 1;
				LastSwiftUpdateCheck = 1430;
				LastUpgradeCheck = 1400;
				TargetAttributes = {
					994961DE28ECE24900A9B892 = {
						CreatedOnToolsVersion = 14.0;
						LastSwiftMigration = 1400;
					};
					994961E628ECE24900A9B892 = {
						CreatedOnToolsVersion = 14.0;
					};
					998A4CA5290490BC00E4D08E = {
						CreatedOnToolsVersion = 14.0.1;
					};
					998EC0A12A2530BB0018AF89 = {
						CreatedOnToolsVersion = 14.3;
					};
					998EC0A82A2530BB0018AF89 = {
						CreatedOnToolsVersion = 14.3;
						LastSwiftMigration = 1430;
					};
					99E7F0172A0098B000FB7223 = {
						CreatedOnToolsVersion = 14.3;
					};
				};
			};
			buildConfigurationList = 994961D928ECE24900A9B892 /* Build configuration list for PBXProject "EssentialFeed" */;
			compatibilityVersion = "Xcode 14.0";
			developmentRegion = en;
			hasScannedForEncodings = 0;
			knownRegions = (
				en,
				Base,
			);
			mainGroup = 994961D528ECE24900A9B892;
			productRefGroup = 994961E028ECE24900A9B892 /* Products */;
			projectDirPath = "";
			projectRoot = "";
			targets = (
				994961DE28ECE24900A9B892 /* EssentialFeed */,
				994961E628ECE24900A9B892 /* EssentialFeedTests */,
				998A4CA5290490BC00E4D08E /* EssentialFeedAPIEndToEndTests */,
				99E7F0172A0098B000FB7223 /* EssentialFeedCacheIntegrationTests */,
				998EC0A12A2530BB0018AF89 /* EssentialFeediOS */,
				998EC0A82A2530BB0018AF89 /* EssentialFeediOSTests */,
			);
		};
/* End PBXProject section */

/* Begin PBXResourcesBuildPhase section */
		994961DD28ECE24900A9B892 /* Resources */ = {
			isa = PBXResourcesBuildPhase;
			buildActionMask = 2147483647;
			files = (
			);
			runOnlyForDeploymentPostprocessing = 0;
		};
		994961E528ECE24900A9B892 /* Resources */ = {
			isa = PBXResourcesBuildPhase;
			buildActionMask = 2147483647;
			files = (
			);
			runOnlyForDeploymentPostprocessing = 0;
		};
		998A4CA4290490BC00E4D08E /* Resources */ = {
			isa = PBXResourcesBuildPhase;
			buildActionMask = 2147483647;
			files = (
			);
			runOnlyForDeploymentPostprocessing = 0;
		};
		998EC0A02A2530BB0018AF89 /* Resources */ = {
			isa = PBXResourcesBuildPhase;
			buildActionMask = 2147483647;
			files = (
			);
			runOnlyForDeploymentPostprocessing = 0;
		};
		998EC0A72A2530BB0018AF89 /* Resources */ = {
			isa = PBXResourcesBuildPhase;
			buildActionMask = 2147483647;
			files = (
			);
			runOnlyForDeploymentPostprocessing = 0;
		};
		99E7F0162A0098B000FB7223 /* Resources */ = {
			isa = PBXResourcesBuildPhase;
			buildActionMask = 2147483647;
			files = (
			);
			runOnlyForDeploymentPostprocessing = 0;
		};
/* End PBXResourcesBuildPhase section */

/* Begin PBXSourcesBuildPhase section */
		994961DB28ECE24900A9B892 /* Sources */ = {
			isa = PBXSourcesBuildPhase;
			buildActionMask = 2147483647;
			files = (
				99D903B62A02D74300D9F034 /* CoreDataHelpers.swift in Sources */,
				99C0007E28F370A00074CAF9 /* FeedItemsMapper.swift in Sources */,
				994961FA28ECE2F100A9B892 /* FeedLoader.swift in Sources */,
				99A496A129E0D51800C86699 /* RemoteFeedItem.swift in Sources */,
				99573CF529FD987B00C9AB75 /* FeedCachePolicy.swift in Sources */,
				99C0007A28F203EC0074CAF9 /* RemoteFeedLoader.swift in Sources */,
				99D903B22A018DC600D9F034 /* FeedStore.xcdatamodeld in Sources */,
				99A496A329E0D55700C86699 /* LocalFeedImage.swift in Sources */,
				99A4969F29E0BD6300C86699 /* FeedStore.swift in Sources */,
				99A4969D29E0BCF700C86699 /* LocalFeedLoader.swift in Sources */,
				99921AFD2A00276000096CD0 /* CodableFeedStore.swift in Sources */,
				99C0007C28F370570074CAF9 /* HTTPClient.swift in Sources */,
				99D903AF2A018C4A00D9F034 /* CoreDataFeedStore.swift in Sources */,
				994961F828ECE26400A9B892 /* FeedImage.swift in Sources */,
				99D903B82A02D77900D9F034 /* ManagedCache.swift in Sources */,
				998A4CA129048A5800E4D08E /* URLSessionHTTPClient.swift in Sources */,
				99D903BA2A02D7B800D9F034 /* ManagedFeedImage.swift in Sources */,
			);
			runOnlyForDeploymentPostprocessing = 0;
		};
		994961E328ECE24900A9B892 /* Sources */ = {
			isa = PBXSourcesBuildPhase;
			buildActionMask = 2147483647;
			files = (
				99573CF729FF238C00C9AB75 /* CodableFeedStoreTests.swift in Sources */,
				99CD776629FD8CFC00620605 /* FeedCacheTestHelpers.swift in Sources */,
				99B0826029FD877D007D14E9 /* ValidateFeedCacheUseCaseTests.swift in Sources */,
				99E7F00E2A0063BE00FB7223 /* XCTest+FailableRetrieveFeedStoreTests.swift in Sources */,
				994961FD28ECE5EE00A9B892 /* RemoteFeedFromRemoteUseCaseTests.swift in Sources */,
				99C0008128F4FFBE0074CAF9 /* URLSessionHTTPClientTests.swift in Sources */,
				99E7F0102A0064DB00FB7223 /* XCTest+FailableInsertFeedStoreSpecs.swift in Sources */,
				99E7038B29E4E821006F71C8 /* FeedStoreSpy.swift in Sources */,
				99CD776829FD8DCE00620605 /* SharedTestHelpers.swift in Sources */,
				9957E2CB299D935000CC9DFB /* CacheFeedUseCaseTests.swift in Sources */,
				99E7038929E4E6C8006F71C8 /* LoadFeedFromCacheUseCaseTests.swift in Sources */,
				99E7F00A2A0059B300FB7223 /* FeedStoreSpecs.swift in Sources */,
				998A4C9F2904704100E4D08E /* XCTestCase+MemoryLeakTracking.swift in Sources */,
				99E7F0122A00653900FB7223 /* XCTest+FailableDeleteFeedStoreSpecs.swift in Sources */,
				99D903AD2A018B8F00D9F034 /* CoreDataFeedStoreTests.swift in Sources */,
				99E7F00C2A005A4000FB7223 /* XCTestCase+FeedStoreSpecs.swift in Sources */,
			);
			runOnlyForDeploymentPostprocessing = 0;
		};
		998A4CA2290490BC00E4D08E /* Sources */ = {
			isa = PBXSourcesBuildPhase;
			buildActionMask = 2147483647;
			files = (
				998A4CA9290490BC00E4D08E /* EssentialFeedAPIEndToEndTests.swift in Sources */,
				9982D4E92905E51100C72BBA /* XCTestCase+MemoryLeakTracking.swift in Sources */,
			);
			runOnlyForDeploymentPostprocessing = 0;
		};
		998EC09E2A2530BB0018AF89 /* Sources */ = {
			isa = PBXSourcesBuildPhase;
			buildActionMask = 2147483647;
			files = (
			);
			runOnlyForDeploymentPostprocessing = 0;
		};
		998EC0A52A2530BB0018AF89 /* Sources */ = {
			isa = PBXSourcesBuildPhase;
			buildActionMask = 2147483647;
			files = (
				998EC0B82A2538340018AF89 /* FeedViewControllerTests.swift in Sources */,
				998EC0BF2A253CD20018AF89 /* XCTestCase+MemoryLeakTracking.swift in Sources */,
			);
			runOnlyForDeploymentPostprocessing = 0;
		};
		99E7F0142A0098B000FB7223 /* Sources */ = {
			isa = PBXSourcesBuildPhase;
			buildActionMask = 2147483647;
			files = (
				99E7F0252A009F0C00FB7223 /* SharedTestHelpers.swift in Sources */,
				99E7F01B2A0098B000FB7223 /* EssentialFeedCacheIntegrationTests.swift in Sources */,
				99E7F0242A009EF900FB7223 /* FeedCacheTestHelpers.swift in Sources */,
				99E7F0232A009CCF00FB7223 /* XCTestCase+MemoryLeakTracking.swift in Sources */,
			);
			runOnlyForDeploymentPostprocessing = 0;
		};
/* End PBXSourcesBuildPhase section */

/* Begin PBXTargetDependency section */
		994961EA28ECE24900A9B892 /* PBXTargetDependency */ = {
			isa = PBXTargetDependency;
			target = 994961DE28ECE24900A9B892 /* EssentialFeed */;
			targetProxy = 994961E928ECE24900A9B892 /* PBXContainerItemProxy */;
		};
		998A4CAC290490BC00E4D08E /* PBXTargetDependency */ = {
			isa = PBXTargetDependency;
			target = 994961DE28ECE24900A9B892 /* EssentialFeed */;
			targetProxy = 998A4CAB290490BC00E4D08E /* PBXContainerItemProxy */;
		};
		998EC0AC2A2530BB0018AF89 /* PBXTargetDependency */ = {
			isa = PBXTargetDependency;
			target = 998EC0A12A2530BB0018AF89 /* EssentialFeediOS */;
			targetProxy = 998EC0AB2A2530BB0018AF89 /* PBXContainerItemProxy */;
		};
		998EC0BD2A253BE70018AF89 /* PBXTargetDependency */ = {
			isa = PBXTargetDependency;
			platformFilter = ios;
			target = 994961DE28ECE24900A9B892 /* EssentialFeed */;
			targetProxy = 998EC0BC2A253BE70018AF89 /* PBXContainerItemProxy */;
		};
		99E7F01E2A0098B000FB7223 /* PBXTargetDependency */ = {
			isa = PBXTargetDependency;
			target = 994961DE28ECE24900A9B892 /* EssentialFeed */;
			targetProxy = 99E7F01D2A0098B000FB7223 /* PBXContainerItemProxy */;
		};
/* End PBXTargetDependency section */

/* Begin XCBuildConfiguration section */
		994961EF28ECE24900A9B892 /* Debug */ = {
			isa = XCBuildConfiguration;
			buildSettings = {
				ALWAYS_SEARCH_USER_PATHS = NO;
				CLANG_ANALYZER_NONNULL = YES;
				CLANG_ANALYZER_NUMBER_OBJECT_CONVERSION = YES_AGGRESSIVE;
				CLANG_CXX_LANGUAGE_STANDARD = "gnu++20";
				CLANG_ENABLE_MODULES = YES;
				CLANG_ENABLE_OBJC_ARC = YES;
				CLANG_ENABLE_OBJC_WEAK = YES;
				CLANG_WARN_BLOCK_CAPTURE_AUTORELEASING = YES;
				CLANG_WARN_BOOL_CONVERSION = YES;
				CLANG_WARN_COMMA = YES;
				CLANG_WARN_CONSTANT_CONVERSION = YES;
				CLANG_WARN_DEPRECATED_OBJC_IMPLEMENTATIONS = YES;
				CLANG_WARN_DIRECT_OBJC_ISA_USAGE = YES_ERROR;
				CLANG_WARN_DOCUMENTATION_COMMENTS = YES;
				CLANG_WARN_EMPTY_BODY = YES;
				CLANG_WARN_ENUM_CONVERSION = YES;
				CLANG_WARN_INFINITE_RECURSION = YES;
				CLANG_WARN_INT_CONVERSION = YES;
				CLANG_WARN_NON_LITERAL_NULL_CONVERSION = YES;
				CLANG_WARN_OBJC_IMPLICIT_RETAIN_SELF = YES;
				CLANG_WARN_OBJC_LITERAL_CONVERSION = YES;
				CLANG_WARN_OBJC_ROOT_CLASS = YES_ERROR;
				CLANG_WARN_QUOTED_INCLUDE_IN_FRAMEWORK_HEADER = YES;
				CLANG_WARN_RANGE_LOOP_ANALYSIS = YES;
				CLANG_WARN_STRICT_PROTOTYPES = YES;
				CLANG_WARN_SUSPICIOUS_MOVE = YES;
				CLANG_WARN_UNGUARDED_AVAILABILITY = YES_AGGRESSIVE;
				CLANG_WARN_UNREACHABLE_CODE = YES;
				CLANG_WARN__DUPLICATE_METHOD_MATCH = YES;
				COPY_PHASE_STRIP = NO;
				CURRENT_PROJECT_VERSION = 1;
				DEBUG_INFORMATION_FORMAT = dwarf;
				ENABLE_STRICT_OBJC_MSGSEND = YES;
				ENABLE_TESTABILITY = YES;
				GCC_C_LANGUAGE_STANDARD = gnu11;
				GCC_DYNAMIC_NO_PIC = NO;
				GCC_NO_COMMON_BLOCKS = YES;
				GCC_OPTIMIZATION_LEVEL = 0;
				GCC_PREPROCESSOR_DEFINITIONS = (
					"DEBUG=1",
					"$(inherited)",
				);
				GCC_WARN_64_TO_32_BIT_CONVERSION = YES;
				GCC_WARN_ABOUT_RETURN_TYPE = YES_ERROR;
				GCC_WARN_UNDECLARED_SELECTOR = YES;
				GCC_WARN_UNINITIALIZED_AUTOS = YES_AGGRESSIVE;
				GCC_WARN_UNUSED_FUNCTION = YES;
				GCC_WARN_UNUSED_VARIABLE = YES;
				MACOSX_DEPLOYMENT_TARGET = 13.0;
				MTL_ENABLE_DEBUG_INFO = INCLUDE_SOURCE;
				MTL_FAST_MATH = YES;
				ONLY_ACTIVE_ARCH = YES;
				SDKROOT = macosx;
				SWIFT_ACTIVE_COMPILATION_CONDITIONS = DEBUG;
				SWIFT_OPTIMIZATION_LEVEL = "-Onone";
				VERSIONING_SYSTEM = "apple-generic";
				VERSION_INFO_PREFIX = "";
			};
			name = Debug;
		};
		994961F028ECE24900A9B892 /* Release */ = {
			isa = XCBuildConfiguration;
			buildSettings = {
				ALWAYS_SEARCH_USER_PATHS = NO;
				CLANG_ANALYZER_NONNULL = YES;
				CLANG_ANALYZER_NUMBER_OBJECT_CONVERSION = YES_AGGRESSIVE;
				CLANG_CXX_LANGUAGE_STANDARD = "gnu++20";
				CLANG_ENABLE_MODULES = YES;
				CLANG_ENABLE_OBJC_ARC = YES;
				CLANG_ENABLE_OBJC_WEAK = YES;
				CLANG_WARN_BLOCK_CAPTURE_AUTORELEASING = YES;
				CLANG_WARN_BOOL_CONVERSION = YES;
				CLANG_WARN_COMMA = YES;
				CLANG_WARN_CONSTANT_CONVERSION = YES;
				CLANG_WARN_DEPRECATED_OBJC_IMPLEMENTATIONS = YES;
				CLANG_WARN_DIRECT_OBJC_ISA_USAGE = YES_ERROR;
				CLANG_WARN_DOCUMENTATION_COMMENTS = YES;
				CLANG_WARN_EMPTY_BODY = YES;
				CLANG_WARN_ENUM_CONVERSION = YES;
				CLANG_WARN_INFINITE_RECURSION = YES;
				CLANG_WARN_INT_CONVERSION = YES;
				CLANG_WARN_NON_LITERAL_NULL_CONVERSION = YES;
				CLANG_WARN_OBJC_IMPLICIT_RETAIN_SELF = YES;
				CLANG_WARN_OBJC_LITERAL_CONVERSION = YES;
				CLANG_WARN_OBJC_ROOT_CLASS = YES_ERROR;
				CLANG_WARN_QUOTED_INCLUDE_IN_FRAMEWORK_HEADER = YES;
				CLANG_WARN_RANGE_LOOP_ANALYSIS = YES;
				CLANG_WARN_STRICT_PROTOTYPES = YES;
				CLANG_WARN_SUSPICIOUS_MOVE = YES;
				CLANG_WARN_UNGUARDED_AVAILABILITY = YES_AGGRESSIVE;
				CLANG_WARN_UNREACHABLE_CODE = YES;
				CLANG_WARN__DUPLICATE_METHOD_MATCH = YES;
				COPY_PHASE_STRIP = NO;
				CURRENT_PROJECT_VERSION = 1;
				DEBUG_INFORMATION_FORMAT = "dwarf-with-dsym";
				ENABLE_NS_ASSERTIONS = NO;
				ENABLE_STRICT_OBJC_MSGSEND = YES;
				GCC_C_LANGUAGE_STANDARD = gnu11;
				GCC_NO_COMMON_BLOCKS = YES;
				GCC_WARN_64_TO_32_BIT_CONVERSION = YES;
				GCC_WARN_ABOUT_RETURN_TYPE = YES_ERROR;
				GCC_WARN_UNDECLARED_SELECTOR = YES;
				GCC_WARN_UNINITIALIZED_AUTOS = YES_AGGRESSIVE;
				GCC_WARN_UNUSED_FUNCTION = YES;
				GCC_WARN_UNUSED_VARIABLE = YES;
				MACOSX_DEPLOYMENT_TARGET = 13.0;
				MTL_ENABLE_DEBUG_INFO = NO;
				MTL_FAST_MATH = YES;
				SDKROOT = macosx;
				SWIFT_COMPILATION_MODE = wholemodule;
				SWIFT_OPTIMIZATION_LEVEL = "-O";
				VERSIONING_SYSTEM = "apple-generic";
				VERSION_INFO_PREFIX = "";
			};
			name = Release;
		};
		994961F228ECE24900A9B892 /* Debug */ = {
			isa = XCBuildConfiguration;
			buildSettings = {
				CLANG_ENABLE_MODULES = YES;
				CODE_SIGN_STYLE = Automatic;
				COMBINE_HIDPI_IMAGES = YES;
				CURRENT_PROJECT_VERSION = 1;
				DEFINES_MODULE = YES;
				DEVELOPMENT_TEAM = LTZDRP7TJ2;
				DYLIB_COMPATIBILITY_VERSION = 1;
				DYLIB_CURRENT_VERSION = 1;
				DYLIB_INSTALL_NAME_BASE = "@rpath";
				GENERATE_INFOPLIST_FILE = YES;
				INFOPLIST_KEY_NSHumanReadableCopyright = "";
				INSTALL_PATH = "$(LOCAL_LIBRARY_DIR)/Frameworks";
				LD_RUNPATH_SEARCH_PATHS = (
					"$(inherited)",
					"@executable_path/../Frameworks",
					"@loader_path/Frameworks",
				);
				MARKETING_VERSION = 1.0;
				PRODUCT_BUNDLE_IDENTIFIER = "com.adam.essential-feed.EssentialFeed";
				PRODUCT_NAME = "$(TARGET_NAME:c99extidentifier)";
				SKIP_INSTALL = YES;
				SUPPORTED_PLATFORMS = "macosx iphonesimulator iphoneos";
				SWIFT_EMIT_LOC_STRINGS = YES;
				SWIFT_OPTIMIZATION_LEVEL = "-Onone";
				SWIFT_VERSION = 5.0;
			};
			name = Debug;
		};
		994961F328ECE24900A9B892 /* Release */ = {
			isa = XCBuildConfiguration;
			buildSettings = {
				CLANG_ENABLE_MODULES = YES;
				CODE_SIGN_STYLE = Automatic;
				COMBINE_HIDPI_IMAGES = YES;
				CURRENT_PROJECT_VERSION = 1;
				DEFINES_MODULE = YES;
				DEVELOPMENT_TEAM = LTZDRP7TJ2;
				DYLIB_COMPATIBILITY_VERSION = 1;
				DYLIB_CURRENT_VERSION = 1;
				DYLIB_INSTALL_NAME_BASE = "@rpath";
				GENERATE_INFOPLIST_FILE = YES;
				INFOPLIST_KEY_NSHumanReadableCopyright = "";
				INSTALL_PATH = "$(LOCAL_LIBRARY_DIR)/Frameworks";
				LD_RUNPATH_SEARCH_PATHS = (
					"$(inherited)",
					"@executable_path/../Frameworks",
					"@loader_path/Frameworks",
				);
				MARKETING_VERSION = 1.0;
				PRODUCT_BUNDLE_IDENTIFIER = "com.adam.essential-feed.EssentialFeed";
				PRODUCT_NAME = "$(TARGET_NAME:c99extidentifier)";
				SKIP_INSTALL = YES;
				SUPPORTED_PLATFORMS = "macosx iphonesimulator iphoneos";
				SWIFT_EMIT_LOC_STRINGS = YES;
				SWIFT_VERSION = 5.0;
			};
			name = Release;
		};
		994961F528ECE24900A9B892 /* Debug */ = {
			isa = XCBuildConfiguration;
			buildSettings = {
				ALLOW_TARGET_PLATFORM_SPECIALIZATION = YES;
				ALWAYS_EMBED_SWIFT_STANDARD_LIBRARIES = YES;
				CODE_SIGN_STYLE = Automatic;
				CURRENT_PROJECT_VERSION = 1;
				DEVELOPMENT_TEAM = LTZDRP7TJ2;
				GENERATE_INFOPLIST_FILE = YES;
				MARKETING_VERSION = 1.0;
				PRODUCT_BUNDLE_IDENTIFIER = "com.adam.essential-feed.EssentialFeedTests";
				PRODUCT_NAME = "$(TARGET_NAME)";
				SUPPORTED_PLATFORMS = "macosx iphonesimulator iphoneos";
				SUPPORTS_MACCATALYST = YES;
				SWIFT_EMIT_LOC_STRINGS = NO;
				SWIFT_VERSION = 5.0;
			};
			name = Debug;
		};
		994961F628ECE24900A9B892 /* Release */ = {
			isa = XCBuildConfiguration;
			buildSettings = {
				ALLOW_TARGET_PLATFORM_SPECIALIZATION = YES;
				ALWAYS_EMBED_SWIFT_STANDARD_LIBRARIES = YES;
				CODE_SIGN_STYLE = Automatic;
				CURRENT_PROJECT_VERSION = 1;
				DEVELOPMENT_TEAM = LTZDRP7TJ2;
				GENERATE_INFOPLIST_FILE = YES;
				MARKETING_VERSION = 1.0;
				PRODUCT_BUNDLE_IDENTIFIER = "com.adam.essential-feed.EssentialFeedTests";
				PRODUCT_NAME = "$(TARGET_NAME)";
				SUPPORTED_PLATFORMS = "macosx iphonesimulator iphoneos";
				SUPPORTS_MACCATALYST = YES;
				SWIFT_EMIT_LOC_STRINGS = NO;
				SWIFT_VERSION = 5.0;
			};
			name = Release;
		};
		998A4CAD290490BC00E4D08E /* Debug */ = {
			isa = XCBuildConfiguration;
			buildSettings = {
				ALLOW_TARGET_PLATFORM_SPECIALIZATION = YES;
				CODE_SIGN_STYLE = Automatic;
				CURRENT_PROJECT_VERSION = 1;
				DEVELOPMENT_TEAM = LTZDRP7TJ2;
				GENERATE_INFOPLIST_FILE = YES;
				MARKETING_VERSION = 1.0;
				PRODUCT_BUNDLE_IDENTIFIER = "com.adam.essential-feed.EssentialFeedAPIEndToEndTests";
				PRODUCT_NAME = "$(TARGET_NAME)";
				SUPPORTED_PLATFORMS = "macosx iphonesimulator iphoneos";
				SUPPORTS_MACCATALYST = YES;
				SWIFT_EMIT_LOC_STRINGS = NO;
				SWIFT_VERSION = 5.0;
			};
			name = Debug;
		};
		998A4CAE290490BC00E4D08E /* Release */ = {
			isa = XCBuildConfiguration;
			buildSettings = {
				ALLOW_TARGET_PLATFORM_SPECIALIZATION = YES;
				CODE_SIGN_STYLE = Automatic;
				CURRENT_PROJECT_VERSION = 1;
				DEVELOPMENT_TEAM = LTZDRP7TJ2;
				GENERATE_INFOPLIST_FILE = YES;
				MARKETING_VERSION = 1.0;
				PRODUCT_BUNDLE_IDENTIFIER = "com.adam.essential-feed.EssentialFeedAPIEndToEndTests";
				PRODUCT_NAME = "$(TARGET_NAME)";
				SUPPORTED_PLATFORMS = "macosx iphonesimulator iphoneos";
				SUPPORTS_MACCATALYST = YES;
				SWIFT_EMIT_LOC_STRINGS = NO;
				SWIFT_VERSION = 5.0;
			};
			name = Release;
		};
		998EC0B22A2530BC0018AF89 /* Debug */ = {
			isa = XCBuildConfiguration;
			buildSettings = {
				CODE_SIGN_STYLE = Automatic;
				CURRENT_PROJECT_VERSION = 1;
				DEFINES_MODULE = YES;
				DEVELOPMENT_TEAM = LTZDRP7TJ2;
				DYLIB_COMPATIBILITY_VERSION = 1;
				DYLIB_CURRENT_VERSION = 1;
				DYLIB_INSTALL_NAME_BASE = "@rpath";
				ENABLE_MODULE_VERIFIER = YES;
				GENERATE_INFOPLIST_FILE = YES;
				INFOPLIST_KEY_NSHumanReadableCopyright = "";
				INSTALL_PATH = "$(LOCAL_LIBRARY_DIR)/Frameworks";
				IPHONEOS_DEPLOYMENT_TARGET = 16.4;
				LD_RUNPATH_SEARCH_PATHS = (
					"$(inherited)",
					"@executable_path/Frameworks",
					"@loader_path/Frameworks",
				);
				MARKETING_VERSION = 1.0;
				MODULE_VERIFIER_SUPPORTED_LANGUAGES = "objective-c objective-c++";
				MODULE_VERIFIER_SUPPORTED_LANGUAGE_STANDARDS = "gnu11 gnu++20";
				PRODUCT_BUNDLE_IDENTIFIER = "com.garrett-harris.EssentialFeediOS";
				PRODUCT_NAME = "$(TARGET_NAME:c99extidentifier)";
				SDKROOT = iphoneos;
				SKIP_INSTALL = YES;
				SWIFT_EMIT_LOC_STRINGS = YES;
				SWIFT_VERSION = 5.0;
				TARGETED_DEVICE_FAMILY = "1,2";
			};
			name = Debug;
		};
		998EC0B32A2530BC0018AF89 /* Release */ = {
			isa = XCBuildConfiguration;
			buildSettings = {
				CODE_SIGN_STYLE = Automatic;
				CURRENT_PROJECT_VERSION = 1;
				DEFINES_MODULE = YES;
				DEVELOPMENT_TEAM = LTZDRP7TJ2;
				DYLIB_COMPATIBILITY_VERSION = 1;
				DYLIB_CURRENT_VERSION = 1;
				DYLIB_INSTALL_NAME_BASE = "@rpath";
				ENABLE_MODULE_VERIFIER = YES;
				GENERATE_INFOPLIST_FILE = YES;
				INFOPLIST_KEY_NSHumanReadableCopyright = "";
				INSTALL_PATH = "$(LOCAL_LIBRARY_DIR)/Frameworks";
				IPHONEOS_DEPLOYMENT_TARGET = 16.4;
				LD_RUNPATH_SEARCH_PATHS = (
					"$(inherited)",
					"@executable_path/Frameworks",
					"@loader_path/Frameworks",
				);
				MARKETING_VERSION = 1.0;
				MODULE_VERIFIER_SUPPORTED_LANGUAGES = "objective-c objective-c++";
				MODULE_VERIFIER_SUPPORTED_LANGUAGE_STANDARDS = "gnu11 gnu++20";
				PRODUCT_BUNDLE_IDENTIFIER = "com.garrett-harris.EssentialFeediOS";
				PRODUCT_NAME = "$(TARGET_NAME:c99extidentifier)";
				SDKROOT = iphoneos;
				SKIP_INSTALL = YES;
				SWIFT_EMIT_LOC_STRINGS = YES;
				SWIFT_VERSION = 5.0;
				TARGETED_DEVICE_FAMILY = "1,2";
				VALIDATE_PRODUCT = YES;
			};
			name = Release;
		};
		998EC0B52A2530BC0018AF89 /* Debug */ = {
			isa = XCBuildConfiguration;
			buildSettings = {
				CLANG_ENABLE_MODULES = YES;
				CODE_SIGN_STYLE = Automatic;
				CURRENT_PROJECT_VERSION = 1;
				DEVELOPMENT_TEAM = LTZDRP7TJ2;
				GENERATE_INFOPLIST_FILE = YES;
				IPHONEOS_DEPLOYMENT_TARGET = 16.4;
				MARKETING_VERSION = 1.0;
				PRODUCT_BUNDLE_IDENTIFIER = "com.garrett-harris.EssentialFeediOSTests";
				PRODUCT_NAME = "$(TARGET_NAME)";
				SDKROOT = iphoneos;
				SWIFT_EMIT_LOC_STRINGS = NO;
				SWIFT_OPTIMIZATION_LEVEL = "-Onone";
				SWIFT_VERSION = 5.0;
				TARGETED_DEVICE_FAMILY = "1,2";
			};
			name = Debug;
		};
		998EC0B62A2530BC0018AF89 /* Release */ = {
			isa = XCBuildConfiguration;
			buildSettings = {
				CLANG_ENABLE_MODULES = YES;
				CODE_SIGN_STYLE = Automatic;
				CURRENT_PROJECT_VERSION = 1;
				DEVELOPMENT_TEAM = LTZDRP7TJ2;
				GENERATE_INFOPLIST_FILE = YES;
				IPHONEOS_DEPLOYMENT_TARGET = 16.4;
				MARKETING_VERSION = 1.0;
				PRODUCT_BUNDLE_IDENTIFIER = "com.garrett-harris.EssentialFeediOSTests";
				PRODUCT_NAME = "$(TARGET_NAME)";
				SDKROOT = iphoneos;
				SWIFT_EMIT_LOC_STRINGS = NO;
				SWIFT_VERSION = 5.0;
				TARGETED_DEVICE_FAMILY = "1,2";
				VALIDATE_PRODUCT = YES;
			};
			name = Release;
		};
		99E7F0202A0098B000FB7223 /* Debug */ = {
			isa = XCBuildConfiguration;
			buildSettings = {
				ALLOW_TARGET_PLATFORM_SPECIALIZATION = YES;
				CODE_SIGN_STYLE = Automatic;
				CURRENT_PROJECT_VERSION = 1;
				DEVELOPMENT_TEAM = 3XU8MWPJTL;
				GENERATE_INFOPLIST_FILE = YES;
				MACOSX_DEPLOYMENT_TARGET = 13.2;
				MARKETING_VERSION = 1.0;
				PRODUCT_BUNDLE_IDENTIFIER = com.pura.EssentialFeedCacheIntegrationTests;
				PRODUCT_NAME = "$(TARGET_NAME)";
				SUPPORTED_PLATFORMS = "macosx iphonesimulator iphoneos";
				SUPPORTS_MACCATALYST = YES;
				SWIFT_EMIT_LOC_STRINGS = NO;
				SWIFT_VERSION = 5.0;
			};
			name = Debug;
		};
		99E7F0212A0098B000FB7223 /* Release */ = {
			isa = XCBuildConfiguration;
			buildSettings = {
				ALLOW_TARGET_PLATFORM_SPECIALIZATION = YES;
				CODE_SIGN_STYLE = Automatic;
				CURRENT_PROJECT_VERSION = 1;
				DEVELOPMENT_TEAM = 3XU8MWPJTL;
				GENERATE_INFOPLIST_FILE = YES;
				MACOSX_DEPLOYMENT_TARGET = 13.2;
				MARKETING_VERSION = 1.0;
				PRODUCT_BUNDLE_IDENTIFIER = com.pura.EssentialFeedCacheIntegrationTests;
				PRODUCT_NAME = "$(TARGET_NAME)";
				SUPPORTED_PLATFORMS = "macosx iphonesimulator iphoneos";
				SUPPORTS_MACCATALYST = YES;
				SWIFT_EMIT_LOC_STRINGS = NO;
				SWIFT_VERSION = 5.0;
			};
			name = Release;
		};
/* End XCBuildConfiguration section */

/* Begin XCConfigurationList section */
		994961D928ECE24900A9B892 /* Build configuration list for PBXProject "EssentialFeed" */ = {
			isa = XCConfigurationList;
			buildConfigurations = (
				994961EF28ECE24900A9B892 /* Debug */,
				994961F028ECE24900A9B892 /* Release */,
			);
			defaultConfigurationIsVisible = 0;
			defaultConfigurationName = Release;
		};
		994961F128ECE24900A9B892 /* Build configuration list for PBXNativeTarget "EssentialFeed" */ = {
			isa = XCConfigurationList;
			buildConfigurations = (
				994961F228ECE24900A9B892 /* Debug */,
				994961F328ECE24900A9B892 /* Release */,
			);
			defaultConfigurationIsVisible = 0;
			defaultConfigurationName = Release;
		};
		994961F428ECE24900A9B892 /* Build configuration list for PBXNativeTarget "EssentialFeedTests" */ = {
			isa = XCConfigurationList;
			buildConfigurations = (
				994961F528ECE24900A9B892 /* Debug */,
				994961F628ECE24900A9B892 /* Release */,
			);
			defaultConfigurationIsVisible = 0;
			defaultConfigurationName = Release;
		};
		998A4CAF290490BC00E4D08E /* Build configuration list for PBXNativeTarget "EssentialFeedAPIEndToEndTests" */ = {
			isa = XCConfigurationList;
			buildConfigurations = (
				998A4CAD290490BC00E4D08E /* Debug */,
				998A4CAE290490BC00E4D08E /* Release */,
			);
			defaultConfigurationIsVisible = 0;
			defaultConfigurationName = Release;
		};
		998EC0B12A2530BC0018AF89 /* Build configuration list for PBXNativeTarget "EssentialFeediOS" */ = {
			isa = XCConfigurationList;
			buildConfigurations = (
				998EC0B22A2530BC0018AF89 /* Debug */,
				998EC0B32A2530BC0018AF89 /* Release */,
			);
			defaultConfigurationIsVisible = 0;
			defaultConfigurationName = Release;
		};
		998EC0B42A2530BC0018AF89 /* Build configuration list for PBXNativeTarget "EssentialFeediOSTests" */ = {
			isa = XCConfigurationList;
			buildConfigurations = (
				998EC0B52A2530BC0018AF89 /* Debug */,
				998EC0B62A2530BC0018AF89 /* Release */,
			);
			defaultConfigurationIsVisible = 0;
			defaultConfigurationName = Release;
		};
		99E7F01F2A0098B000FB7223 /* Build configuration list for PBXNativeTarget "EssentialFeedCacheIntegrationTests" */ = {
			isa = XCConfigurationList;
			buildConfigurations = (
				99E7F0202A0098B000FB7223 /* Debug */,
				99E7F0212A0098B000FB7223 /* Release */,
			);
			defaultConfigurationIsVisible = 0;
			defaultConfigurationName = Release;
		};
/* End XCConfigurationList section */

/* Begin XCVersionGroup section */
		99D903B02A018DC600D9F034 /* FeedStore.xcdatamodeld */ = {
			isa = XCVersionGroup;
			children = (
				99D903B12A018DC600D9F034 /* FeedStore.xcdatamodel */,
			);
			currentVersion = 99D903B12A018DC600D9F034 /* FeedStore.xcdatamodel */;
			path = FeedStore.xcdatamodeld;
			sourceTree = "<group>";
			versionGroupType = wrapper.xcdatamodel;
		};
/* End XCVersionGroup section */
	};
	rootObject = 994961D628ECE24900A9B892 /* Project object */;
}
